
Microsoft Visual Studio Solution File, Format Version 12.00
# Visual Studio 15
VisualStudioVersion = 15.0.27004.2008
MinimumVisualStudioVersion = 10.0.40219.1
Project("{FAE04EC0-301F-11D3-BF4B-00C04F79EFBC}") = "Maker", "Maker\Maker.csproj", "{DCFDDF1E-54B8-48E1-A497-F1A75CDBB9DD}"
EndProject
Project("{FAE04EC0-301F-11D3-BF4B-00C04F79EFBC}") = "Update", "Update\Update.csproj", "{4EEA9697-3F45-4A28-8AD4-59E5A22A092B}"
EndProject
Project("{FAE04EC0-301F-11D3-BF4B-00C04F79EFBC}") = "Tool", "Tool\Tool.csproj", "{75F45E39-6AF8-4F70-A1CF-801C349CBE30}"
EndProject
Project("{FAE04EC0-301F-11D3-BF4B-00C04F79EFBC}") = "Operation", "Operation\Operation.csproj", "{E727841A-BA0E-4BF8-8B35-F24E06655312}"
EndProject
Global
	GlobalSection(SolutionConfigurationPlatforms) = preSolution
		Debug|Any CPU = Debug|Any CPU
		Debug|x64 = Debug|x64
		Release|Any CPU = Release|Any CPU
		Release|x64 = Release|x64
	EndGlobalSection
	GlobalSection(ProjectConfigurationPlatforms) = postSolution
		{DCFDDF1E-54B8-48E1-A497-F1A75CDBB9DD}.Debug|Any CPU.ActiveCfg = Debug|Any CPU
		{DCFDDF1E-54B8-48E1-A497-F1A75CDBB9DD}.Debug|Any CPU.Build.0 = Debug|Any CPU
		{DCFDDF1E-54B8-48E1-A497-F1A75CDBB9DD}.Debug|x64.ActiveCfg = Debug|Any CPU
		{DCFDDF1E-54B8-48E1-A497-F1A75CDBB9DD}.Debug|x64.Build.0 = Debug|Any CPU
		{DCFDDF1E-54B8-48E1-A497-F1A75CDBB9DD}.Release|Any CPU.ActiveCfg = Release|Any CPU
		{DCFDDF1E-54B8-48E1-A497-F1A75CDBB9DD}.Release|Any CPU.Build.0 = Release|Any CPU
		{DCFDDF1E-54B8-48E1-A497-F1A75CDBB9DD}.Release|x64.ActiveCfg = Release|Any CPU
		{DCFDDF1E-54B8-48E1-A497-F1A75CDBB9DD}.Release|x64.Build.0 = Release|Any CPU
		{4EEA9697-3F45-4A28-8AD4-59E5A22A092B}.Debug|Any CPU.ActiveCfg = Debug|Any CPU
		{4EEA9697-3F45-4A28-8AD4-59E5A22A092B}.Debug|Any CPU.Build.0 = Debug|Any CPU
		{4EEA9697-3F45-4A28-8AD4-59E5A22A092B}.Debug|x64.ActiveCfg = Debug|Any CPU
		{4EEA9697-3F45-4A28-8AD4-59E5A22A092B}.Debug|x64.Build.0 = Debug|Any CPU
		{4EEA9697-3F45-4A28-8AD4-59E5A22A092B}.Release|Any CPU.ActiveCfg = Release|Any CPU
		{4EEA9697-3F45-4A28-8AD4-59E5A22A092B}.Release|Any CPU.Build.0 = Release|Any CPU
		{4EEA9697-3F45-4A28-8AD4-59E5A22A092B}.Release|x64.ActiveCfg = Release|Any CPU
		{4EEA9697-3F45-4A28-8AD4-59E5A22A092B}.Release|x64.Build.0 = Release|Any CPU
		{75F45E39-6AF8-4F70-A1CF-801C349CBE30}.Debug|Any CPU.ActiveCfg = Debug|Any CPU
		{75F45E39-6AF8-4F70-A1CF-801C349CBE30}.Debug|Any CPU.Build.0 = Debug|Any CPU
		{75F45E39-6AF8-4F70-A1CF-801C349CBE30}.Debug|x64.ActiveCfg = Debug|Any CPU
		{75F45E39-6AF8-4F70-A1CF-801C349CBE30}.Debug|x64.Build.0 = Debug|Any CPU
		{75F45E39-6AF8-4F70-A1CF-801C349CBE30}.Release|Any CPU.ActiveCfg = Release|Any CPU
		{75F45E39-6AF8-4F70-A1CF-801C349CBE30}.Release|Any CPU.Build.0 = Release|Any CPU
		{75F45E39-6AF8-4F70-A1CF-801C349CBE30}.Release|x64.ActiveCfg = Release|Any CPU
		{75F45E39-6AF8-4F70-A1CF-801C349CBE30}.Release|x64.Build.0 = Release|Any CPU
		{E727841A-BA0E-4BF8-8B35-F24E06655312}.Debug|Any CPU.ActiveCfg = Debug|Any CPU
		{E727841A-BA0E-4BF8-8B35-F24E06655312}.Debug|Any CPU.Build.0 = Debug|Any CPU
		{E727841A-BA0E-4BF8-8B35-F24E06655312}.Debug|x64.ActiveCfg = Debug|Any CPU
		{E727841A-BA0E-4BF8-8B35-F24E06655312}.Debug|x64.Build.0 = Debug|Any CPU
		{E727841A-BA0E-4BF8-8B35-F24E06655312}.Release|Any CPU.ActiveCfg = Release|Any CPU
		{E727841A-BA0E-4BF8-8B35-F24E06655312}.Release|Any CPU.Build.0 = Release|Any CPU
		{E727841A-BA0E-4BF8-8B35-F24E06655312}.Release|x64.ActiveCfg = Release|Any CPU
		{E727841A-BA0E-4BF8-8B35-F24E06655312}.Release|x64.Build.0 = Release|Any CPU
	EndGlobalSection
	GlobalSection(SolutionProperties) = preSolution
		HideSolutionNode = FALSE
	EndGlobalSection
	GlobalSection(ExtensibilityGlobals) = postSolution
		SolutionGuid = {FD52345E-6AE0-4278-A852-286A40BE794C}
	EndGlobalSection
EndGlobal
