
Microsoft Visual Studio Solution File, Format Version 12.00
# Visual Studio 15
VisualStudioVersion = 15.0.27004.2008
MinimumVisualStudioVersion = 10.0.40219.1
Project("{FAE04EC0-301F-11D3-BF4B-00C04F79EFBC}") = "Maker", "Maker\Maker.csproj", "{DCFDDF1E-54B8-48E1-A497-F1A75CDBB9DD}"
EndProject
Project("{FAE04EC0-301F-11D3-BF4B-00C04F79EFBC}") = "Update", "Update\Update.csproj", "{4EEA9697-3F45-4A28-8AD4-59E5A22A092B}"
EndProject
Project("{FAE04EC0-301F-11D3-BF4B-00C04F79EFBC}") = "Tool", "Tool\Tool.csproj", "{75F45E39-6AF8-4F70-A1CF-801C349CBE30}"
EndProject
Project("{FAE04EC0-301F-11D3-BF4B-00C04F79EFBC}") = "Operation", "Operation\Operation.csproj", "{E727841A-BA0E-4BF8-8B35-F24E06655312}"
EndProject
Project("{FAE04EC0-301F-11D3-BF4B-00C04F79EFBC}") = "Blog", "Blog\Blog.csproj", "{F1C26E9D-9F8A-46B6-B1FD-E7242E3BE1CD}"
EndProject
Project("{FAE04EC0-301F-11D3-BF4B-00C04F79EFBC}") = "MakerUI", "MakerUI\MakerUI.csproj", "{A2AECCB9-8EE4-421F-A2D0-AF3E2B20BF25}"
EndProject
Project("{FAE04EC0-301F-11D3-BF4B-00C04F79EFBC}") = "PlugLib", "PlugLib\PlugLib.csproj", "{466EAE35-D0D0-4319-9E3A-F7DAE3E996AA}"
EndProject
Global
	GlobalSection(SolutionConfigurationPlatforms) = preSolution
		Debug|Any CPU = Debug|Any CPU
		Release|Any CPU = Release|Any CPU
	EndGlobalSection
	GlobalSection(ProjectConfigurationPlatforms) = postSolution
		{DCFDDF1E-54B8-48E1-A497-F1A75CDBB9DD}.Debug|Any CPU.ActiveCfg = Debug|Any CPU
		{DCFDDF1E-54B8-48E1-A497-F1A75CDBB9DD}.Debug|Any CPU.Build.0 = Debug|Any CPU
		{DCFDDF1E-54B8-48E1-A497-F1A75CDBB9DD}.Release|Any CPU.ActiveCfg = Release|Any CPU
		{DCFDDF1E-54B8-48E1-A497-F1A75CDBB9DD}.Release|Any CPU.Build.0 = Release|Any CPU
		{4EEA9697-3F45-4A28-8AD4-59E5A22A092B}.Debug|Any CPU.ActiveCfg = Debug|Any CPU
		{4EEA9697-3F45-4A28-8AD4-59E5A22A092B}.Debug|Any CPU.Build.0 = Debug|Any CPU
		{4EEA9697-3F45-4A28-8AD4-59E5A22A092B}.Release|Any CPU.ActiveCfg = Release|Any CPU
		{4EEA9697-3F45-4A28-8AD4-59E5A22A092B}.Release|Any CPU.Build.0 = Release|Any CPU
		{75F45E39-6AF8-4F70-A1CF-801C349CBE30}.Debug|Any CPU.ActiveCfg = Debug|Any CPU
		{75F45E39-6AF8-4F70-A1CF-801C349CBE30}.Debug|Any CPU.Build.0 = Debug|Any CPU
		{75F45E39-6AF8-4F70-A1CF-801C349CBE30}.Release|Any CPU.ActiveCfg = Release|Any CPU
		{75F45E39-6AF8-4F70-A1CF-801C349CBE30}.Release|Any CPU.Build.0 = Release|Any CPU
		{E727841A-BA0E-4BF8-8B35-F24E06655312}.Debug|Any CPU.ActiveCfg = Debug|Any CPU
		{E727841A-BA0E-4BF8-8B35-F24E06655312}.Debug|Any CPU.Build.0 = Debug|Any CPU
		{E727841A-BA0E-4BF8-8B35-F24E06655312}.Release|Any CPU.ActiveCfg = Release|Any CPU
		{E727841A-BA0E-4BF8-8B35-F24E06655312}.Release|Any CPU.Build.0 = Release|Any CPU
		{F1C26E9D-9F8A-46B6-B1FD-E7242E3BE1CD}.Debug|Any CPU.ActiveCfg = Debug|Any CPU
		{F1C26E9D-9F8A-46B6-B1FD-E7242E3BE1CD}.Debug|Any CPU.Build.0 = Debug|Any CPU
		{F1C26E9D-9F8A-46B6-B1FD-E7242E3BE1CD}.Release|Any CPU.ActiveCfg = Release|Any CPU
		{F1C26E9D-9F8A-46B6-B1FD-E7242E3BE1CD}.Release|Any CPU.Build.0 = Release|Any CPU
		{A2AECCB9-8EE4-421F-A2D0-AF3E2B20BF25}.Debug|Any CPU.ActiveCfg = Debug|Any CPU
		{A2AECCB9-8EE4-421F-A2D0-AF3E2B20BF25}.Debug|Any CPU.Build.0 = Debug|Any CPU
		{A2AECCB9-8EE4-421F-A2D0-AF3E2B20BF25}.Release|Any CPU.ActiveCfg = Release|Any CPU
		{A2AECCB9-8EE4-421F-A2D0-AF3E2B20BF25}.Release|Any CPU.Build.0 = Release|Any CPU
		{466EAE35-D0D0-4319-9E3A-F7DAE3E996AA}.Debug|Any CPU.ActiveCfg = Debug|Any CPU
		{466EAE35-D0D0-4319-9E3A-F7DAE3E996AA}.Debug|Any CPU.Build.0 = Debug|Any CPU
		{466EAE35-D0D0-4319-9E3A-F7DAE3E996AA}.Release|Any CPU.ActiveCfg = Release|Any CPU
		{466EAE35-D0D0-4319-9E3A-F7DAE3E996AA}.Release|Any CPU.Build.0 = Release|Any CPU
	EndGlobalSection
	GlobalSection(SolutionProperties) = preSolution
		HideSolutionNode = FALSE
	EndGlobalSection
	GlobalSection(ExtensibilityGlobals) = postSolution
		SolutionGuid = {FD52345E-6AE0-4278-A852-286A40BE794C}
	EndGlobalSection
EndGlobal
